<?xml version="1.0" encoding="utf-8"?>
<Project ToolsVersion="4.0" xmlns="http://schemas.microsoft.com/developer/msbuild/2003">
  <ItemGroup>
    <Filter Include="헤더 파일">
      <UniqueIdentifier>{93995380-89BD-4b04-88EB-625FBE52EBFB}</UniqueIdentifier>
      <Extensions>h;hpp;hxx;hm;inl;inc;xsd</Extensions>
    </Filter>
    <Filter Include="리소스 파일">
      <UniqueIdentifier>{67DA6AB6-F800-4c08-8B7A-83BB121AAD01}</UniqueIdentifier>
      <Extensions>rc;ico;cur;bmp;dlg;rc2;rct;bin;rgs;gif;jpg;jpeg;jpe;resx;tiff;tif;png;wav;mfcribbon-ms</Extensions>
    </Filter>
    <Filter Include="소스 파일">
      <UniqueIdentifier>{4FC737F1-C7A5-4376-A066-2A32D752A2FF}</UniqueIdentifier>
      <Extensions>cpp;c;cc;cxx;def;odl;idl;hpj;bat;asm;asmx</Extensions>
    </Filter>
    <Filter Include="소스 파일\01_메인">
      <UniqueIdentifier>{5a296ee8-ff5f-4354-953f-c27a22e0081e}</UniqueIdentifier>
    </Filter>
    <Filter Include="소스 파일\03_김대중">
      <UniqueIdentifier>{ca4ef464-102e-450f-ad2b-2856e04cb9f9}</UniqueIdentifier>
    </Filter>
    <Filter Include="소스 파일\04_김태우">
      <UniqueIdentifier>{9383fe3b-ceef-46f9-80e8-eba16f359419}</UniqueIdentifier>
    </Filter>
    <Filter Include="소스 파일\07_윤지석">
      <UniqueIdentifier>{c042cddc-4209-4ca1-b0ec-54bc634af463}</UniqueIdentifier>
    </Filter>
    <Filter Include="소스 파일\06_이상민">
      <UniqueIdentifier>{8e2ce5d0-cf31-4071-afc9-1258387750f7}</UniqueIdentifier>
    </Filter>
    <Filter Include="소스 파일\02_글로벌">
      <UniqueIdentifier>{3411c19f-43ae-4460-9871-14101b32dd0b}</UniqueIdentifier>
    </Filter>
  </ItemGroup>
  <ItemGroup>
    <ClCompile Include="global.c">
      <Filter>소스 파일\02_글로벌</Filter>
    </ClCompile>
    <ClCompile Include="sangmin.c">
      <Filter>소스 파일\06_이상민</Filter>
    </ClCompile>
    <ClCompile Include="daejung.c">
      <Filter>소스 파일\03_김대중</Filter>
    </ClCompile>
    <ClCompile Include="Jisuk.c">
      <Filter>소스 파일\07_윤지석</Filter>
    </ClCompile>
    <ClCompile Include="Taewoo.c">
      <Filter>소스 파일\04_김태우</Filter>
    </ClCompile>
    <ClCompile Include="main.c">
      <Filter>소스 파일\01_메인</Filter>
    </ClCompile>
  </ItemGroup>
  <ItemGroup>
    <ClInclude Include="global.h">
      <Filter>소스 파일\02_글로벌</Filter>
    </ClInclude>
    <ClInclude Include="sangmin.h">
      <Filter>소스 파일\06_이상민</Filter>
    </ClInclude>
    <ClInclude Include="Daejung.h">
      <Filter>소스 파일\03_김대중</Filter>
    </ClInclude>
    <ClInclude Include="Jisuk.h">
      <Filter>소스 파일\07_윤지석</Filter>
    </ClInclude>
    <ClInclude Include="Taewoo.h">
      <Filter>소스 파일\04_김태우</Filter>
    </ClInclude>
  </ItemGroup>
</Project>